# THIS IS AN AUTOGENERATED FILE. DO NOT EDIT THIS FILE DIRECTLY.
# yarn lockfile v1


"@rinsuki/lz4-ts@^1.0.0":
  version "1.0.0"
  resolved "https://registry.yarnpkg.com/@rinsuki/lz4-ts/-/lz4-ts-1.0.0.tgz#62c4501e7cfd43187704b453b14240690502ff36"
  integrity sha512-TdrVIgG7CNDfDboMy4O5gcFnlbF02NlH3MGIGHMDLaS69rpGXsIAQajdHl/2e7eg89ltED41TbPILXXSuTuO1Q==

"@types/node@^14.0.13":
  version "14.0.13"
  resolved "https://registry.yarnpkg.com/@types/node/-/node-14.0.13.tgz#ee1128e881b874c371374c1f72201893616417c9"
  integrity sha512-rouEWBImiRaSJsVA+ITTFM6ZxibuAlTuNOCyxVbwreu6k6+ujs7DfnU9o+PShFhET78pMBl3eH+AGSI5eOTkPA==

binarin@^0.1.3:
  version "0.1.3"
  resolved "https://registry.yarnpkg.com/binarin/-/binarin-0.1.3.tgz#5689e1e1f90b7e1246441b6daf08233355feb8be"
  integrity sha512-wbN1zet+mRVAIuPqalzr1eCOk2dgyqr7kA11dA2lc9KLTZo9x6Z9dgD+CEZxXM1nlCDim23vppmS7g4cR+qLiQ==

typescript@^3.9.5:
  version "3.9.5"
  resolved "https://registry.yarnpkg.com/typescript/-/typescript-3.9.5.tgz#586f0dba300cde8be52dd1ac4f7e1009c1b13f36"
  integrity sha512-hSAifV3k+i6lEoCJ2k6R2Z/rp/H3+8sdmcn5NrS3/3kE7+RyZXm9aqvxWqjEXHAd8b0pShatpcdMTvEdvAJltQ==
